
Microsoft Visual Studio Solution File, Format Version 12.00
Project("{2150E333-8FDC-42A3-9474-1A3956D46DE8}") = "Services", "Services", "{008F6FC6-771A-40E8-AC1C-67713D48D12F}"
EndProject
Project("{FAE04EC0-301F-11D3-BF4B-00C04F79EFBC}") = "Catalog.API", "Services\Catalog\Catalog.API\Catalog.API.csproj", "{0258A5FB-1E61-4308-AD77-E4A107372C4C}"
EndProject
Project("{2150E333-8FDC-42A3-9474-1A3956D46DE8}") = "BuildingBlocks", "BuildingBlocks", "{9C1C3894-63EC-4B6C-AE89-75CF54A5E84F}"
EndProject
Project("{FAE04EC0-301F-11D3-BF4B-00C04F79EFBC}") = "BuildingBlocks", "BuildingBlocks\BuildingBlocks\BuildingBlocks.csproj", "{8BF6510C-75BD-48BD-BEBF-F639946CE7CA}"
EndProject
Project("{FAE04EC0-301F-11D3-BF4B-00C04F79EFBC}") = "Basket.API", "Services\Basket\Basket.API\Basket.API.csproj", "{9A4182B0-3FEF-46D8-8C2C-C5D3FA50548D}"
EndProject
Project("{FAE04EC0-301F-11D3-BF4B-00C04F79EFBC}") = "Discount.Grpc", "Services\Discount\Discount.Grpc\Discount.Grpc.csproj", "{0CC042DD-DAA0-4050-8244-4779727E58A1}"
EndProject
Project("{FAE04EC0-301F-11D3-BF4B-00C04F79EFBC}") = "Ordering.API", "Services\Ordering\Ordering.API\Ordering.API.csproj", "{A5B4E0DB-EE5C-44DC-BA6C-BCA4DC60C09E}"
EndProject
Project("{2150E333-8FDC-42A3-9474-1A3956D46DE8}") = "Basket", "Basket", "{7F20D460-63C9-48BE-9DE7-08A81E22C48F}"
EndProject
Project("{2150E333-8FDC-42A3-9474-1A3956D46DE8}") = "Catalog", "Catalog", "{F10644FE-6503-43C3-BEB0-37A23CDA2D53}"
EndProject
Project("{2150E333-8FDC-42A3-9474-1A3956D46DE8}") = "Discount", "Discount", "{E430228C-3A7B-446F-81B3-77FFC0D09623}"
EndProject
Project("{2150E333-8FDC-42A3-9474-1A3956D46DE8}") = "Ordering", "Ordering", "{6ED31900-29BB-48F9-A258-FE809BB4E180}"
EndProject
Project("{FAE04EC0-301F-11D3-BF4B-00C04F79EFBC}") = "Ordering.Domain", "Services\Ordering\Ordering.Domain\Ordering.Domain.csproj", "{EF401C0B-C107-464A-AF0C-39A7C86EFFAA}"
EndProject
Project("{FAE04EC0-301F-11D3-BF4B-00C04F79EFBC}") = "Ordering.Application", "Services\Ordering\Ordering.Application\Ordering.Application.csproj", "{99D868D9-F0D4-4EA7-8B9F-3110CD8A4BAF}"
EndProject
Project("{FAE04EC0-301F-11D3-BF4B-00C04F79EFBC}") = "Ordering.Infrastructure", "Services\Ordering\Ordering.Infrastructure\Ordering.Infrastructure.csproj", "{5FF96F01-253F-437E-AAA2-5B2B3CC40145}"
EndProject
Project("{FAE04EC0-301F-11D3-BF4B-00C04F79EFBC}") = "BuildingBlocks.Messaging", "BuildingBlocks\BuildingBlocks.Messaging\BuildingBlocks.Messaging.csproj", "{AD67DA0A-287D-4AC9-9398-6A8899FB9E2A}"
EndProject
Project("{2150E333-8FDC-42A3-9474-1A3956D46DE8}") = "ApiGateways", "ApiGateways", "{76871E32-9B92-4069-B9BF-EC5B002CC6C8}"
EndProject
Project("{FAE04EC0-301F-11D3-BF4B-00C04F79EFBC}") = "YarpApiGateway", "ApiGateways\YarpApiGateway\YarpApiGateway.csproj", "{A8791301-DE1F-4813-8CA2-40DB3B2C1C08}"
EndProject
Global
	GlobalSection(SolutionConfigurationPlatforms) = preSolution
		Debug|Any CPU = Debug|Any CPU
		Release|Any CPU = Release|Any CPU
	EndGlobalSection
	GlobalSection(ProjectConfigurationPlatforms) = postSolution
		{0258A5FB-1E61-4308-AD77-E4A107372C4C}.Debug|Any CPU.ActiveCfg = Debug|Any CPU
		{0258A5FB-1E61-4308-AD77-E4A107372C4C}.Debug|Any CPU.Build.0 = Debug|Any CPU
		{0258A5FB-1E61-4308-AD77-E4A107372C4C}.Release|Any CPU.ActiveCfg = Release|Any CPU
		{0258A5FB-1E61-4308-AD77-E4A107372C4C}.Release|Any CPU.Build.0 = Release|Any CPU
		{8BF6510C-75BD-48BD-BEBF-F639946CE7CA}.Debug|Any CPU.ActiveCfg = Debug|Any CPU
		{8BF6510C-75BD-48BD-BEBF-F639946CE7CA}.Debug|Any CPU.Build.0 = Debug|Any CPU
		{8BF6510C-75BD-48BD-BEBF-F639946CE7CA}.Release|Any CPU.ActiveCfg = Release|Any CPU
		{8BF6510C-75BD-48BD-BEBF-F639946CE7CA}.Release|Any CPU.Build.0 = Release|Any CPU
		{9A4182B0-3FEF-46D8-8C2C-C5D3FA50548D}.Debug|Any CPU.ActiveCfg = Debug|Any CPU
		{9A4182B0-3FEF-46D8-8C2C-C5D3FA50548D}.Debug|Any CPU.Build.0 = Debug|Any CPU
		{9A4182B0-3FEF-46D8-8C2C-C5D3FA50548D}.Release|Any CPU.ActiveCfg = Release|Any CPU
		{9A4182B0-3FEF-46D8-8C2C-C5D3FA50548D}.Release|Any CPU.Build.0 = Release|Any CPU
		{0CC042DD-DAA0-4050-8244-4779727E58A1}.Debug|Any CPU.ActiveCfg = Debug|Any CPU
		{0CC042DD-DAA0-4050-8244-4779727E58A1}.Debug|Any CPU.Build.0 = Debug|Any CPU
		{0CC042DD-DAA0-4050-8244-4779727E58A1}.Release|Any CPU.ActiveCfg = Release|Any CPU
		{0CC042DD-DAA0-4050-8244-4779727E58A1}.Release|Any CPU.Build.0 = Release|Any CPU
		{A5B4E0DB-EE5C-44DC-BA6C-BCA4DC60C09E}.Debug|Any CPU.ActiveCfg = Debug|Any CPU
		{A5B4E0DB-EE5C-44DC-BA6C-BCA4DC60C09E}.Debug|Any CPU.Build.0 = Debug|Any CPU
		{A5B4E0DB-EE5C-44DC-BA6C-BCA4DC60C09E}.Release|Any CPU.ActiveCfg = Release|Any CPU
		{A5B4E0DB-EE5C-44DC-BA6C-BCA4DC60C09E}.Release|Any CPU.Build.0 = Release|Any CPU
		{EF401C0B-C107-464A-AF0C-39A7C86EFFAA}.Debug|Any CPU.ActiveCfg = Debug|Any CPU
		{EF401C0B-C107-464A-AF0C-39A7C86EFFAA}.Debug|Any CPU.Build.0 = Debug|Any CPU
		{EF401C0B-C107-464A-AF0C-39A7C86EFFAA}.Release|Any CPU.ActiveCfg = Release|Any CPU
		{EF401C0B-C107-464A-AF0C-39A7C86EFFAA}.Release|Any CPU.Build.0 = Release|Any CPU
		{99D868D9-F0D4-4EA7-8B9F-3110CD8A4BAF}.Debug|Any CPU.ActiveCfg = Debug|Any CPU
		{99D868D9-F0D4-4EA7-8B9F-3110CD8A4BAF}.Debug|Any CPU.Build.0 = Debug|Any CPU
		{99D868D9-F0D4-4EA7-8B9F-3110CD8A4BAF}.Release|Any CPU.ActiveCfg = Release|Any CPU
		{99D868D9-F0D4-4EA7-8B9F-3110CD8A4BAF}.Release|Any CPU.Build.0 = Release|Any CPU
		{5FF96F01-253F-437E-AAA2-5B2B3CC40145}.Debug|Any CPU.ActiveCfg = Debug|Any CPU
		{5FF96F01-253F-437E-AAA2-5B2B3CC40145}.Debug|Any CPU.Build.0 = Debug|Any CPU
		{5FF96F01-253F-437E-AAA2-5B2B3CC40145}.Release|Any CPU.ActiveCfg = Release|Any CPU
		{5FF96F01-253F-437E-AAA2-5B2B3CC40145}.Release|Any CPU.Build.0 = Release|Any CPU
		{AD67DA0A-287D-4AC9-9398-6A8899FB9E2A}.Debug|Any CPU.ActiveCfg = Debug|Any CPU
		{AD67DA0A-287D-4AC9-9398-6A8899FB9E2A}.Debug|Any CPU.Build.0 = Debug|Any CPU
		{AD67DA0A-287D-4AC9-9398-6A8899FB9E2A}.Release|Any CPU.ActiveCfg = Release|Any CPU
		{AD67DA0A-287D-4AC9-9398-6A8899FB9E2A}.Release|Any CPU.Build.0 = Release|Any CPU
		{A8791301-DE1F-4813-8CA2-40DB3B2C1C08}.Debug|Any CPU.ActiveCfg = Debug|Any CPU
		{A8791301-DE1F-4813-8CA2-40DB3B2C1C08}.Debug|Any CPU.Build.0 = Debug|Any CPU
		{A8791301-DE1F-4813-8CA2-40DB3B2C1C08}.Release|Any CPU.ActiveCfg = Release|Any CPU
		{A8791301-DE1F-4813-8CA2-40DB3B2C1C08}.Release|Any CPU.Build.0 = Release|Any CPU
	EndGlobalSection
	GlobalSection(NestedProjects) = preSolution
		{8BF6510C-75BD-48BD-BEBF-F639946CE7CA} = {9C1C3894-63EC-4B6C-AE89-75CF54A5E84F}
		{7F20D460-63C9-48BE-9DE7-08A81E22C48F} = {008F6FC6-771A-40E8-AC1C-67713D48D12F}
		{9A4182B0-3FEF-46D8-8C2C-C5D3FA50548D} = {7F20D460-63C9-48BE-9DE7-08A81E22C48F}
		{F10644FE-6503-43C3-BEB0-37A23CDA2D53} = {008F6FC6-771A-40E8-AC1C-67713D48D12F}
		{0258A5FB-1E61-4308-AD77-E4A107372C4C} = {F10644FE-6503-43C3-BEB0-37A23CDA2D53}
		{E430228C-3A7B-446F-81B3-77FFC0D09623} = {008F6FC6-771A-40E8-AC1C-67713D48D12F}
		{0CC042DD-DAA0-4050-8244-4779727E58A1} = {E430228C-3A7B-446F-81B3-77FFC0D09623}
		{6ED31900-29BB-48F9-A258-FE809BB4E180} = {008F6FC6-771A-40E8-AC1C-67713D48D12F}
		{A5B4E0DB-EE5C-44DC-BA6C-BCA4DC60C09E} = {6ED31900-29BB-48F9-A258-FE809BB4E180}
		{EF401C0B-C107-464A-AF0C-39A7C86EFFAA} = {6ED31900-29BB-48F9-A258-FE809BB4E180}
		{99D868D9-F0D4-4EA7-8B9F-3110CD8A4BAF} = {6ED31900-29BB-48F9-A258-FE809BB4E180}
		{5FF96F01-253F-437E-AAA2-5B2B3CC40145} = {6ED31900-29BB-48F9-A258-FE809BB4E180}
		{AD67DA0A-287D-4AC9-9398-6A8899FB9E2A} = {9C1C3894-63EC-4B6C-AE89-75CF54A5E84F}
		{A8791301-DE1F-4813-8CA2-40DB3B2C1C08} = {76871E32-9B92-4069-B9BF-EC5B002CC6C8}
	EndGlobalSection
EndGlobal
